
Microsoft Visual Studio Solution File, Format Version 12.00
# Visual Studio Version 16
VisualStudioVersion = 16.0.31829.152
MinimumVisualStudioVersion = 10.0.40219.1
Project("{FAE04EC0-301F-11D3-BF4B-00C04F79EFBC}") = "tema student classs", "tema student classs.csproj", "{947F2CD0-6115-45C9-90B5-F6BB61410660}"
EndProject
Project("{FAE04EC0-301F-11D3-BF4B-00C04F79EFBC}") = "StudentExceptions", "..\StudentExceptions\StudentExceptions.csproj", "{3CEF4088-8404-4821-8167-722F95905B9E}"
EndProject
Global
	GlobalSection(SolutionConfigurationPlatforms) = preSolution
		Debug|Any CPU = Debug|Any CPU
		Release|Any CPU = Release|Any CPU
	EndGlobalSection
	GlobalSection(ProjectConfigurationPlatforms) = postSolution
		{947F2CD0-6115-45C9-90B5-F6BB61410660}.Debug|Any CPU.ActiveCfg = Debug|Any CPU
		{947F2CD0-6115-45C9-90B5-F6BB61410660}.Debug|Any CPU.Build.0 = Debug|Any CPU
		{947F2CD0-6115-45C9-90B5-F6BB61410660}.Release|Any CPU.ActiveCfg = Release|Any CPU
		{947F2CD0-6115-45C9-90B5-F6BB61410660}.Release|Any CPU.Build.0 = Release|Any CPU
		{3CEF4088-8404-4821-8167-722F95905B9E}.Debug|Any CPU.ActiveCfg = Debug|Any CPU
		{3CEF4088-8404-4821-8167-722F95905B9E}.Debug|Any CPU.Build.0 = Debug|Any CPU
		{3CEF4088-8404-4821-8167-722F95905B9E}.Release|Any CPU.ActiveCfg = Release|Any CPU
		{3CEF4088-8404-4821-8167-722F95905B9E}.Release|Any CPU.Build.0 = Release|Any CPU
	EndGlobalSection
	GlobalSection(SolutionProperties) = preSolution
		HideSolutionNode = FALSE
	EndGlobalSection
	GlobalSection(ExtensibilityGlobals) = postSolution
		SolutionGuid = {5171EBFD-BC89-4D49-B0AB-A19F593B8D9E}
	EndGlobalSection
EndGlobal
